
Microsoft Visual Studio Solution File, Format Version 12.00
# Visual Studio Version 17
VisualStudioVersion = 17.11.35312.102
MinimumVisualStudioVersion = 10.0.40219.1
Project("{9A19103F-16F7-4668-BE54-9A1E7A4F7556}") = "BattleshipsDP", "BattleshipsDP\BattleshipsDP\BattleshipsDP.csproj", "{71F3ED1C-1376-4628-98E5-71EDD24BD970}"
EndProject
Project("{9A19103F-16F7-4668-BE54-9A1E7A4F7556}") = "BattleshipsDP.Client", "BattleshipsDP\BattleshipsDP.Client\BattleshipsDP.Client.csproj", "{8B377B7E-A5A9-462C-AA26-DB5786EDB0C5}"
EndProject
Project("{9A19103F-16F7-4668-BE54-9A1E7A4F7556}") = "SharedLibrary", "SharedLibrary\SharedLibrary.csproj", "{DF6764A7-6A3E-4452-BDD0-6ED87382AD24}"
EndProject
Project("{9A19103F-16F7-4668-BE54-9A1E7A4F7556}") = "Tests", "Tests\Tests.csproj", "{56375E89-43E9-4E12-BEAD-170A5DC3ACDE}"
EndProject
Global
	GlobalSection(SolutionConfigurationPlatforms) = preSolution
		Debug|Any CPU = Debug|Any CPU
		Release|Any CPU = Release|Any CPU
	EndGlobalSection
	GlobalSection(ProjectConfigurationPlatforms) = postSolution
		{71F3ED1C-1376-4628-98E5-71EDD24BD970}.Debug|Any CPU.ActiveCfg = Debug|Any CPU
		{71F3ED1C-1376-4628-98E5-71EDD24BD970}.Debug|Any CPU.Build.0 = Debug|Any CPU
		{71F3ED1C-1376-4628-98E5-71EDD24BD970}.Release|Any CPU.ActiveCfg = Release|Any CPU
		{71F3ED1C-1376-4628-98E5-71EDD24BD970}.Release|Any CPU.Build.0 = Release|Any CPU
		{8B377B7E-A5A9-462C-AA26-DB5786EDB0C5}.Debug|Any CPU.ActiveCfg = Debug|Any CPU
		{8B377B7E-A5A9-462C-AA26-DB5786EDB0C5}.Debug|Any CPU.Build.0 = Debug|Any CPU
		{8B377B7E-A5A9-462C-AA26-DB5786EDB0C5}.Release|Any CPU.ActiveCfg = Release|Any CPU
		{8B377B7E-A5A9-462C-AA26-DB5786EDB0C5}.Release|Any CPU.Build.0 = Release|Any CPU
		{DF6764A7-6A3E-4452-BDD0-6ED87382AD24}.Debug|Any CPU.ActiveCfg = Debug|Any CPU
		{DF6764A7-6A3E-4452-BDD0-6ED87382AD24}.Debug|Any CPU.Build.0 = Debug|Any CPU
		{DF6764A7-6A3E-4452-BDD0-6ED87382AD24}.Release|Any CPU.ActiveCfg = Release|Any CPU
		{DF6764A7-6A3E-4452-BDD0-6ED87382AD24}.Release|Any CPU.Build.0 = Release|Any CPU
		{56375E89-43E9-4E12-BEAD-170A5DC3ACDE}.Debug|Any CPU.ActiveCfg = Debug|Any CPU
		{56375E89-43E9-4E12-BEAD-170A5DC3ACDE}.Debug|Any CPU.Build.0 = Debug|Any CPU
		{56375E89-43E9-4E12-BEAD-170A5DC3ACDE}.Release|Any CPU.ActiveCfg = Release|Any CPU
		{56375E89-43E9-4E12-BEAD-170A5DC3ACDE}.Release|Any CPU.Build.0 = Release|Any CPU
	EndGlobalSection
	GlobalSection(SolutionProperties) = preSolution
		HideSolutionNode = FALSE
	EndGlobalSection
	GlobalSection(ExtensibilityGlobals) = postSolution
		SolutionGuid = {1E442306-255B-4A5E-BADB-F20C958E9E3A}
	EndGlobalSection
EndGlobal
